
Microsoft Visual Studio Solution File, Format Version 12.00
# Visual Studio Version 17
VisualStudioVersion = 17.1.32319.34
MinimumVisualStudioVersion = 10.0.40219.1
Project("{FAE04EC0-301F-11D3-BF4B-00C04F79EFBC}") = "Data", "Data\Data.csproj", "{EC7A10D3-A3BD-4EF2-A9F1-FE0FBF2A6F11}"
EndProject
Project("{FAE04EC0-301F-11D3-BF4B-00C04F79EFBC}") = "Service", "Service\Service.csproj", "{8EC00C50-DC44-4818-A767-192553769117}"
EndProject
Project("{FAE04EC0-301F-11D3-BF4B-00C04F79EFBC}") = "Presentation", "Presentation\Presentation.csproj", "{3F3D126F-A18B-447B-9ACF-561B6E4E88B1}"
EndProject
Global
	GlobalSection(SolutionConfigurationPlatforms) = preSolution
		Debug|Any CPU = Debug|Any CPU
		Release|Any CPU = Release|Any CPU
	EndGlobalSection
	GlobalSection(ProjectConfigurationPlatforms) = postSolution
		{EC7A10D3-A3BD-4EF2-A9F1-FE0FBF2A6F11}.Debug|Any CPU.ActiveCfg = Debug|Any CPU
		{EC7A10D3-A3BD-4EF2-A9F1-FE0FBF2A6F11}.Debug|Any CPU.Build.0 = Debug|Any CPU
		{EC7A10D3-A3BD-4EF2-A9F1-FE0FBF2A6F11}.Release|Any CPU.ActiveCfg = Release|Any CPU
		{EC7A10D3-A3BD-4EF2-A9F1-FE0FBF2A6F11}.Release|Any CPU.Build.0 = Release|Any CPU
		{8EC00C50-DC44-4818-A767-192553769117}.Debug|Any CPU.ActiveCfg = Debug|Any CPU
		{8EC00C50-DC44-4818-A767-192553769117}.Debug|Any CPU.Build.0 = Debug|Any CPU
		{8EC00C50-DC44-4818-A767-192553769117}.Release|Any CPU.ActiveCfg = Release|Any CPU
		{8EC00C50-DC44-4818-A767-192553769117}.Release|Any CPU.Build.0 = Release|Any CPU
		{3F3D126F-A18B-447B-9ACF-561B6E4E88B1}.Debug|Any CPU.ActiveCfg = Debug|Any CPU
		{3F3D126F-A18B-447B-9ACF-561B6E4E88B1}.Debug|Any CPU.Build.0 = Debug|Any CPU
		{3F3D126F-A18B-447B-9ACF-561B6E4E88B1}.Release|Any CPU.ActiveCfg = Release|Any CPU
		{3F3D126F-A18B-447B-9ACF-561B6E4E88B1}.Release|Any CPU.Build.0 = Release|Any CPU
	EndGlobalSection
	GlobalSection(SolutionProperties) = preSolution
		HideSolutionNode = FALSE
	EndGlobalSection
	GlobalSection(ExtensibilityGlobals) = postSolution
		SolutionGuid = {1904F5B8-68C8-41EC-97E9-63E9887A1E2F}
	EndGlobalSection
EndGlobal
